
Microsoft Visual Studio Solution File, Format Version 12.00
# Visual Studio Version 16
VisualStudioVersion = 16.0.30320.27
MinimumVisualStudioVersion = 10.0.40219.1
Project("{FAE04EC0-301F-11D3-BF4B-00C04F79EFBC}") = "ConvertTool", "ConvertTool\ConvertTool.csproj", "{948BD99F-1DE1-457B-819D-D9F74D3DC799}"
EndProject
Project("{FAE04EC0-301F-11D3-BF4B-00C04F79EFBC}") = "Common", "Common\Common.csproj", "{F72F14B3-9902-4FF6-9DFC-7EC745A59CEB}"
EndProject
Project("{FAE04EC0-301F-11D3-BF4B-00C04F79EFBC}") = "SqlData", "SqlData\SqlData.csproj", "{69AB841E-0AD6-4EB7-91CD-B079E1EA061C}"
EndProject
Project("{FAE04EC0-301F-11D3-BF4B-00C04F79EFBC}") = "Games", "Games\Games.csproj", "{5B8D2A62-1242-4E62-8F79-C256DC300CEE}"
EndProject
Global
	GlobalSection(SolutionConfigurationPlatforms) = preSolution
		Debug|Any CPU = Debug|Any CPU
		Release|Any CPU = Release|Any CPU
	EndGlobalSection
	GlobalSection(ProjectConfigurationPlatforms) = postSolution
		{948BD99F-1DE1-457B-819D-D9F74D3DC799}.Debug|Any CPU.ActiveCfg = Debug|Any CPU
		{948BD99F-1DE1-457B-819D-D9F74D3DC799}.Debug|Any CPU.Build.0 = Debug|Any CPU
		{948BD99F-1DE1-457B-819D-D9F74D3DC799}.Release|Any CPU.ActiveCfg = Release|Any CPU
		{948BD99F-1DE1-457B-819D-D9F74D3DC799}.Release|Any CPU.Build.0 = Release|Any CPU
		{F72F14B3-9902-4FF6-9DFC-7EC745A59CEB}.Debug|Any CPU.ActiveCfg = Debug|Any CPU
		{F72F14B3-9902-4FF6-9DFC-7EC745A59CEB}.Debug|Any CPU.Build.0 = Debug|Any CPU
		{F72F14B3-9902-4FF6-9DFC-7EC745A59CEB}.Release|Any CPU.ActiveCfg = Release|Any CPU
		{F72F14B3-9902-4FF6-9DFC-7EC745A59CEB}.Release|Any CPU.Build.0 = Release|Any CPU
		{69AB841E-0AD6-4EB7-91CD-B079E1EA061C}.Debug|Any CPU.ActiveCfg = Debug|Any CPU
		{69AB841E-0AD6-4EB7-91CD-B079E1EA061C}.Debug|Any CPU.Build.0 = Debug|Any CPU
		{69AB841E-0AD6-4EB7-91CD-B079E1EA061C}.Release|Any CPU.ActiveCfg = Release|Any CPU
		{69AB841E-0AD6-4EB7-91CD-B079E1EA061C}.Release|Any CPU.Build.0 = Release|Any CPU
		{5B8D2A62-1242-4E62-8F79-C256DC300CEE}.Debug|Any CPU.ActiveCfg = Debug|Any CPU
		{5B8D2A62-1242-4E62-8F79-C256DC300CEE}.Debug|Any CPU.Build.0 = Debug|Any CPU
		{5B8D2A62-1242-4E62-8F79-C256DC300CEE}.Release|Any CPU.ActiveCfg = Release|Any CPU
		{5B8D2A62-1242-4E62-8F79-C256DC300CEE}.Release|Any CPU.Build.0 = Release|Any CPU
	EndGlobalSection
	GlobalSection(SolutionProperties) = preSolution
		HideSolutionNode = FALSE
	EndGlobalSection
	GlobalSection(ExtensibilityGlobals) = postSolution
		SolutionGuid = {B35886BF-B264-4AAD-8B1E-5832682BDB7F}
	EndGlobalSection
EndGlobal
